
Microsoft Visual Studio Solution File, Format Version 12.00
# Visual Studio Version 17
VisualStudioVersion = 17.11.35312.102
MinimumVisualStudioVersion = 10.0.40219.1
Project("{9A19103F-16F7-4668-BE54-9A1E7A4F7556}") = "Input", "RabbitMQGasPressure\Input.csproj", "{F8E1739B-1086-4C14-95E6-2764852B51B2}"
EndProject
Project("{FAE04EC0-301F-11D3-BF4B-00C04F79EFBC}") = "Output", "Output\Output.csproj", "{4DDD4249-E9C7-4146-89F7-DB09D0266F58}"
EndProject
Project("{FAE04EC0-301F-11D3-BF4B-00C04F79EFBC}") = "GasPressure", "GasPressure\GasPressure.csproj", "{DE1D9844-D090-42A2-BA11-D68BF61ABD50}"
EndProject
Project("{FAE04EC0-301F-11D3-BF4B-00C04F79EFBC}") = "GasPressureContract", "GasPressureContract\GasPressureContract.csproj", "{767ADB58-2716-40C6-9AB6-D778F23ECD0D}"
EndProject
Global
	GlobalSection(SolutionConfigurationPlatforms) = preSolution
		Debug|Any CPU = Debug|Any CPU
		Release|Any CPU = Release|Any CPU
	EndGlobalSection
	GlobalSection(ProjectConfigurationPlatforms) = postSolution
		{F8E1739B-1086-4C14-95E6-2764852B51B2}.Debug|Any CPU.ActiveCfg = Debug|Any CPU
		{F8E1739B-1086-4C14-95E6-2764852B51B2}.Debug|Any CPU.Build.0 = Debug|Any CPU
		{F8E1739B-1086-4C14-95E6-2764852B51B2}.Release|Any CPU.ActiveCfg = Release|Any CPU
		{F8E1739B-1086-4C14-95E6-2764852B51B2}.Release|Any CPU.Build.0 = Release|Any CPU
		{4DDD4249-E9C7-4146-89F7-DB09D0266F58}.Debug|Any CPU.ActiveCfg = Debug|Any CPU
		{4DDD4249-E9C7-4146-89F7-DB09D0266F58}.Debug|Any CPU.Build.0 = Debug|Any CPU
		{4DDD4249-E9C7-4146-89F7-DB09D0266F58}.Release|Any CPU.ActiveCfg = Release|Any CPU
		{4DDD4249-E9C7-4146-89F7-DB09D0266F58}.Release|Any CPU.Build.0 = Release|Any CPU
		{DE1D9844-D090-42A2-BA11-D68BF61ABD50}.Debug|Any CPU.ActiveCfg = Debug|Any CPU
		{DE1D9844-D090-42A2-BA11-D68BF61ABD50}.Debug|Any CPU.Build.0 = Debug|Any CPU
		{DE1D9844-D090-42A2-BA11-D68BF61ABD50}.Release|Any CPU.ActiveCfg = Release|Any CPU
		{DE1D9844-D090-42A2-BA11-D68BF61ABD50}.Release|Any CPU.Build.0 = Release|Any CPU
		{767ADB58-2716-40C6-9AB6-D778F23ECD0D}.Debug|Any CPU.ActiveCfg = Debug|Any CPU
		{767ADB58-2716-40C6-9AB6-D778F23ECD0D}.Debug|Any CPU.Build.0 = Debug|Any CPU
		{767ADB58-2716-40C6-9AB6-D778F23ECD0D}.Release|Any CPU.ActiveCfg = Release|Any CPU
		{767ADB58-2716-40C6-9AB6-D778F23ECD0D}.Release|Any CPU.Build.0 = Release|Any CPU
	EndGlobalSection
	GlobalSection(SolutionProperties) = preSolution
		HideSolutionNode = FALSE
	EndGlobalSection
	GlobalSection(ExtensibilityGlobals) = postSolution
		SolutionGuid = {85E0FE63-2DC0-4E63-ADE1-A9912C36C272}
	EndGlobalSection
EndGlobal
